// !$*UTF8*$!
{
	archiveVersion = 1;
	classes = {
	};
	objectVersion = 50;
	objects = {

/* Begin PBXBuildFile section */
		1013A4F724173F0900D95B99 /* AppDelegate.swift in Sources */ = {isa = PBXBuildFile; fileRef = 1013A4F624173F0900D95B99 /* AppDelegate.swift */; };
		1013A4F924173F0900D95B99 /* SceneDelegate.swift in Sources */ = {isa = PBXBuildFile; fileRef = 1013A4F824173F0900D95B99 /* SceneDelegate.swift */; };
		1013A4FB24173F0900D95B99 /* ContentView.swift in Sources */ = {isa = PBXBuildFile; fileRef = 1013A4FA24173F0900D95B99 /* ContentView.swift */; };
		1013A4FD24173F0C00D95B99 /* Assets.xcassets in Resources */ = {isa = PBXBuildFile; fileRef = 1013A4FC24173F0C00D95B99 /* Assets.xcassets */; };
		1013A50024173F0C00D95B99 /* Preview Assets.xcassets in Resources */ = {isa = PBXBuildFile; fileRef = 1013A4FF24173F0C00D95B99 /* Preview Assets.xcassets */; };
		1013A50324173F0C00D95B99 /* LaunchScreen.storyboard in Resources */ = {isa = PBXBuildFile; fileRef = 1013A50124173F0C00D95B99 /* LaunchScreen.storyboard */; };
		1013A50B2417421300D95B99 /* AppEnvironment.swift in Sources */ = {isa = PBXBuildFile; fileRef = 1013A50A2417421300D95B99 /* AppEnvironment.swift */; };
		1013A50D241743B000D95B99 /* ActivityIndicator.swift in Sources */ = {isa = PBXBuildFile; fileRef = 1013A50C241743B000D95B99 /* ActivityIndicator.swift */; };
		1013A50F241743D000D95B99 /* Loadable.swift in Sources */ = {isa = PBXBuildFile; fileRef = 1013A50E241743D000D95B99 /* Loadable.swift */; };
		108FB13024174AE800514FBD /* CameraView.swift in Sources */ = {isa = PBXBuildFile; fileRef = 108FB12F24174AE800514FBD /* CameraView.swift */; };
/* End PBXBuildFile section */

/* Begin PBXFileReference section */
		1013A4F324173F0900D95B99 /* GlideRatio.app */ = {isa = PBXFileReference; explicitFileType = wrapper.application; includeInIndex = 0; path = GlideRatio.app; sourceTree = BUILT_PRODUCTS_DIR; };
		1013A4F624173F0900D95B99 /* AppDelegate.swift */ = {isa = PBXFileReference; lastKnownFileType = sourcecode.swift; path = AppDelegate.swift; sourceTree = "<group>"; };
		1013A4F824173F0900D95B99 /* SceneDelegate.swift */ = {isa = PBXFileReference; lastKnownFileType = sourcecode.swift; path = SceneDelegate.swift; sourceTree = "<group>"; };
		1013A4FA24173F0900D95B99 /* ContentView.swift */ = {isa = PBXFileReference; lastKnownFileType = sourcecode.swift; path = ContentView.swift; sourceTree = "<group>"; };
		1013A4FC24173F0C00D95B99 /* Assets.xcassets */ = {isa = PBXFileReference; lastKnownFileType = folder.assetcatalog; path = Assets.xcassets; sourceTree = "<group>"; };
		1013A4FF24173F0C00D95B99 /* Preview Assets.xcassets */ = {isa = PBXFileReference; lastKnownFileType = folder.assetcatalog; path = "Preview Assets.xcassets"; sourceTree = "<group>"; };
		1013A50224173F0C00D95B99 /* Base */ = {isa = PBXFileReference; lastKnownFileType = file.storyboard; name = Base; path = Base.lproj/LaunchScreen.storyboard; sourceTree = "<group>"; };
		1013A50424173F0C00D95B99 /* Info.plist */ = {isa = PBXFileReference; lastKnownFileType = text.plist.xml; path = Info.plist; sourceTree = "<group>"; };
		1013A50A2417421300D95B99 /* AppEnvironment.swift */ = {isa = PBXFileReference; lastKnownFileType = sourcecode.swift; path = AppEnvironment.swift; sourceTree = "<group>"; };
		1013A50C241743B000D95B99 /* ActivityIndicator.swift */ = {isa = PBXFileReference; lastKnownFileType = sourcecode.swift; path = ActivityIndicator.swift; sourceTree = "<group>"; };
		1013A50E241743D000D95B99 /* Loadable.swift */ = {isa = PBXFileReference; lastKnownFileType = sourcecode.swift; path = Loadable.swift; sourceTree = "<group>"; };
		108FB12F24174AE800514FBD /* CameraView.swift */ = {isa = PBXFileReference; lastKnownFileType = sourcecode.swift; path = CameraView.swift; sourceTree = "<group>"; };
/* End PBXFileReference section */

/* Begin PBXFrameworksBuildPhase section */
		1013A4F024173F0900D95B99 /* Frameworks */ = {
			isa = PBXFrameworksBuildPhase;
			buildActionMask = 2147483647;
			files = (
			);
			runOnlyForDeploymentPostprocessing = 0;
		};
/* End PBXFrameworksBuildPhase section */

/* Begin PBXGroup section */
		1013A4EA24173F0900D95B99 = {
			isa = PBXGroup;
			children = (
				1013A4F524173F0900D95B99 /* GlideRatio */,
				1013A4F424173F0900D95B99 /* Products */,
			);
			sourceTree = "<group>";
		};
		1013A4F424173F0900D95B99 /* Products */ = {
			isa = PBXGroup;
			children = (
				1013A4F324173F0900D95B99 /* GlideRatio.app */,
			);
			name = Products;
			sourceTree = "<group>";
		};
		1013A4F524173F0900D95B99 /* GlideRatio */ = {
			isa = PBXGroup;
			children = (
				1013A50A2417421300D95B99 /* AppEnvironment.swift */,
				1013A4F624173F0900D95B99 /* AppDelegate.swift */,
				1013A4F824173F0900D95B99 /* SceneDelegate.swift */,
				1013A4FA24173F0900D95B99 /* ContentView.swift */,
				108FB12F24174AE800514FBD /* CameraView.swift */,
				1013A50C241743B000D95B99 /* ActivityIndicator.swift */,
				1013A50E241743D000D95B99 /* Loadable.swift */,
				1013A4FC24173F0C00D95B99 /* Assets.xcassets */,
				1013A50124173F0C00D95B99 /* LaunchScreen.storyboard */,
				1013A50424173F0C00D95B99 /* Info.plist */,
				1013A4FE24173F0C00D95B99 /* Preview Content */,
			);
			path = GlideRatio;
			sourceTree = "<group>";
		};
		1013A4FE24173F0C00D95B99 /* Preview Content */ = {
			isa = PBXGroup;
			children = (
				1013A4FF24173F0C00D95B99 /* Preview Assets.xcassets */,
			);
			path = "Preview Content";
			sourceTree = "<group>";
		};
/* End PBXGroup section */

/* Begin PBXNativeTarget section */
		1013A4F224173F0900D95B99 /* GlideRatio */ = {
			isa = PBXNativeTarget;
			buildConfigurationList = 1013A50724173F0C00D95B99 /* Build configuration list for PBXNativeTarget "GlideRatio" */;
			buildPhases = (
				1013A4EF24173F0900D95B99 /* Sources */,
				1013A4F024173F0900D95B99 /* Frameworks */,
				1013A4F124173F0900D95B99 /* Resources */,
			);
			buildRules = (
			);
			dependencies = (
			);
			name = GlideRatio;
			productName = GlideRatio;
			productReference = 1013A4F324173F0900D95B99 /* GlideRatio.app */;
			productType = "com.apple.product-type.application";
		};
/* End PBXNativeTarget section */

/* Begin PBXProject section */
		1013A4EB24173F0900D95B99 /* Project object */ = {
			isa = PBXProject;
			attributes = {
				LastSwiftUpdateCheck = 1130;
				LastUpgradeCheck = 1130;
				ORGANIZATIONNAME = "Sergey Muravev";
				TargetAttributes = {
					1013A4F224173F0900D95B99 = {
						CreatedOnToolsVersion = 11.3.1;
					};
				};
			};
			buildConfigurationList = 1013A4EE24173F0900D95B99 /* Build configuration list for PBXProject "GlideRatio" */;
			compatibilityVersion = "Xcode 9.3";
			developmentRegion = en;
			hasScannedForEncodings = 0;
			knownRegions = (
				en,
				Base,
			);
			mainGroup = 1013A4EA24173F0900D95B99;
			productRefGroup = 1013A4F424173F0900D95B99 /* Products */;
			projectDirPath = "";
			projectRoot = "";
			targets = (
				1013A4F224173F0900D95B99 /* GlideRatio */,
			);
		};
/* End PBXProject section */

/* Begin PBXResourcesBuildPhase section */
		1013A4F124173F0900D95B99 /* Resources */ = {
			isa = PBXResourcesBuildPhase;
			buildActionMask = 2147483647;
			files = (
				1013A50324173F0C00D95B99 /* LaunchScreen.storyboard in Resources */,
				1013A50024173F0C00D95B99 /* Preview Assets.xcassets in Resources */,
				1013A4FD24173F0C00D95B99 /* Assets.xcassets in Resources */,
			);
			runOnlyForDeploymentPostprocessing = 0;
		};
/* End PBXResourcesBuildPhase section */

/* Begin PBXSourcesBuildPhase section */
		1013A4EF24173F0900D95B99 /* Sources */ = {
			isa = PBXSourcesBuildPhase;
			buildActionMask = 2147483647;
			files = (
				108FB13024174AE800514FBD /* CameraView.swift in Sources */,
				1013A4F724173F0900D95B99 /* AppDelegate.swift in Sources */,
				1013A50D241743B000D95B99 /* ActivityIndicator.swift in Sources */,
				1013A50B2417421300D95B99 /* AppEnvironment.swift in Sources */,
				1013A4F924173F0900D95B99 /* SceneDelegate.swift in Sources */,
				1013A4FB24173F0900D95B99 /* ContentView.swift in Sources */,
				1013A50F241743D000D95B99 /* Loadable.swift in Sources */,
			);
			runOnlyForDeploymentPostprocessing = 0;
		};
/* End PBXSourcesBuildPhase section */

/* Begin PBXVariantGroup section */
		1013A50124173F0C00D95B99 /* LaunchScreen.storyboard */ = {
			isa = PBXVariantGroup;
			children = (
				1013A50224173F0C00D95B99 /* Base */,
			);
			name = LaunchScreen.storyboard;
			sourceTree = "<group>";
		};
/* End PBXVariantGroup section */

/* Begin XCBuildConfiguration section */
		1013A50524173F0C00D95B99 /* Debug */ = {
			isa = XCBuildConfiguration;
			buildSettings = {
				ALWAYS_SEARCH_USER_PATHS = NO;
				CLANG_ANALYZER_NONNULL = YES;
				CLANG_ANALYZER_NUMBER_OBJECT_CONVERSION = YES_AGGRESSIVE;
				CLANG_CXX_LANGUAGE_STANDARD = "gnu++14";
				CLANG_CXX_LIBRARY = "libc++";
				CLANG_ENABLE_MODULES = YES;
				CLANG_ENABLE_OBJC_ARC = YES;
				CLANG_ENABLE_OBJC_WEAK = YES;
				CLANG_WARN_BLOCK_CAPTURE_AUTORELEASING = YES;
				CLANG_WARN_BOOL_CONVERSION = YES;
				CLANG_WARN_COMMA = YES;
				CLANG_WARN_CONSTANT_CONVERSION = YES;
				CLANG_WARN_DEPRECATED_OBJC_IMPLEMENTATIONS = YES;
				CLANG_WARN_DIRECT_OBJC_ISA_USAGE = YES_ERROR;
				CLANG_WARN_DOCUMENTATION_COMMENTS = YES;
				CLANG_WARN_EMPTY_BODY = YES;
				CLANG_WARN_ENUM_CONVERSION = YES;
				CLANG_WARN_INFINITE_RECURSION = YES;
				CLANG_WARN_INT_CONVERSION = YES;
				CLANG_WARN_NON_LITERAL_NULL_CONVERSION = YES;
				CLANG_WARN_OBJC_IMPLICIT_RETAIN_SELF = YES;
				CLANG_WARN_OBJC_LITERAL_CONVERSION = YES;
				CLANG_WARN_OBJC_ROOT_CLASS = YES_ERROR;
				CLANG_WARN_RANGE_LOOP_ANALYSIS = YES;
				CLANG_WARN_STRICT_PROTOTYPES = YES;
				CLANG_WARN_SUSPICIOUS_MOVE = YES;
				CLANG_WARN_UNGUARDED_AVAILABILITY = YES_AGGRESSIVE;
				CLANG_WARN_UNREACHABLE_CODE = YES;
				CLANG_WARN__DUPLICATE_METHOD_MATCH = YES;
				COPY_PHASE_STRIP = NO;
				DEBUG_INFORMATION_FORMAT = dwarf;
				ENABLE_STRICT_OBJC_MSGSEND = YES;
				ENABLE_TESTABILITY = YES;
				GCC_C_LANGUAGE_STANDARD = gnu11;
				GCC_DYNAMIC_NO_PIC = NO;
				GCC_NO_COMMON_BLOCKS = YES;
				GCC_OPTIMIZATION_LEVEL = 0;
				GCC_PREPROCESSOR_DEFINITIONS = (
					"DEBUG=1",
					"$(inherited)",
				);
				GCC_WARN_64_TO_32_BIT_CONVERSION = YES;
				GCC_WARN_ABOUT_RETURN_TYPE = YES_ERROR;
				GCC_WARN_UNDECLARED_SELECTOR = YES;
				GCC_WARN_UNINITIALIZED_AUTOS = YES_AGGRESSIVE;
				GCC_WARN_UNUSED_FUNCTION = YES;
				GCC_WARN_UNUSED_VARIABLE = YES;
				IPHONEOS_DEPLOYMENT_TARGET = 13.2;
				MTL_ENABLE_DEBUG_INFO = INCLUDE_SOURCE;
				MTL_FAST_MATH = YES;
				ONLY_ACTIVE_ARCH = YES;
				SDKROOT = iphoneos;
				SWIFT_ACTIVE_COMPILATION_CONDITIONS = DEBUG;
				SWIFT_OPTIMIZATION_LEVEL = "-Onone";
			};
			name = Debug;
		};
		1013A50624173F0C00D95B99 /* Release */ = {
			isa = XCBuildConfiguration;
			buildSettings = {
				ALWAYS_SEARCH_USER_PATHS = NO;
				CLANG_ANALYZER_NONNULL = YES;
				CLANG_ANALYZER_NUMBER_OBJECT_CONVERSION = YES_AGGRESSIVE;
				CLANG_CXX_LANGUAGE_STANDARD = "gnu++14";
				CLANG_CXX_LIBRARY = "libc++";
				CLANG_ENABLE_MODULES = YES;
				CLANG_ENABLE_OBJC_ARC = YES;
				CLANG_ENABLE_OBJC_WEAK = YES;
				CLANG_WARN_BLOCK_CAPTURE_AUTORELEASING = YES;
				CLANG_WARN_BOOL_CONVERSION = YES;
				CLANG_WARN_COMMA = YES;
				CLANG_WARN_CONSTANT_CONVERSION = YES;
				CLANG_WARN_DEPRECATED_OBJC_IMPLEMENTATIONS = YES;
				CLANG_WARN_DIRECT_OBJC_ISA_USAGE = YES_ERROR;
				CLANG_WARN_DOCUMENTATION_COMMENTS = YES;
				CLANG_WARN_EMPTY_BODY = YES;
				CLANG_WARN_ENUM_CONVERSION = YES;
				CLANG_WARN_INFINITE_RECURSION = YES;
				CLANG_WARN_INT_CONVERSION = YES;
				CLANG_WARN_NON_LITERAL_NULL_CONVERSION = YES;
				CLANG_WARN_OBJC_IMPLICIT_RETAIN_SELF = YES;
				CLANG_WARN_OBJC_LITERAL_CONVERSION = YES;
				CLANG_WARN_OBJC_ROOT_CLASS = YES_ERROR;
				CLANG_WARN_RANGE_LOOP_ANALYSIS = YES;
				CLANG_WARN_STRICT_PROTOTYPES = YES;
				CLANG_WARN_SUSPICIOUS_MOVE = YES;
				CLANG_WARN_UNGUARDED_AVAILABILITY = YES_AGGRESSIVE;
				CLANG_WARN_UNREACHABLE_CODE = YES;
				CLANG_WARN__DUPLICATE_METHOD_MATCH = YES;
				COPY_PHASE_STRIP = NO;
				DEBUG_INFORMATION_FORMAT = "dwarf-with-dsym";
				ENABLE_NS_ASSERTIONS = NO;
				ENABLE_STRICT_OBJC_MSGSEND = YES;
				GCC_C_LANGUAGE_STANDARD = gnu11;
				GCC_NO_COMMON_BLOCKS = YES;
				GCC_WARN_64_TO_32_BIT_CONVERSION = YES;
				GCC_WARN_ABOUT_RETURN_TYPE = YES_ERROR;
				GCC_WARN_UNDECLARED_SELECTOR = YES;
				GCC_WARN_UNINITIALIZED_AUTOS = YES_AGGRESSIVE;
				GCC_WARN_UNUSED_FUNCTION = YES;
				GCC_WARN_UNUSED_VARIABLE = YES;
				IPHONEOS_DEPLOYMENT_TARGET = 13.2;
				MTL_ENABLE_DEBUG_INFO = NO;
				MTL_FAST_MATH = YES;
				SDKROOT = iphoneos;
				SWIFT_COMPILATION_MODE = wholemodule;
				SWIFT_OPTIMIZATION_LEVEL = "-O";
				VALIDATE_PRODUCT = YES;
			};
			name = Release;
		};
		1013A50824173F0C00D95B99 /* Debug */ = {
			isa = XCBuildConfiguration;
			buildSettings = {
				ASSETCATALOG_COMPILER_APPICON_NAME = AppIcon;
				CODE_SIGN_STYLE = Automatic;
				CURRENT_PROJECT_VERSION = 3;
				DEVELOPMENT_ASSET_PATHS = "\"GlideRatio/Preview Content\"";
				DEVELOPMENT_TEAM = 99496FTLM8;
				ENABLE_PREVIEWS = YES;
				INFOPLIST_FILE = GlideRatio/Info.plist;
				LD_RUNPATH_SEARCH_PATHS = (
					"$(inherited)",
					"@executable_path/Frameworks",
				);
				PRODUCT_BUNDLE_IDENTIFIER = me.smuravev.GlideRatio;
				PRODUCT_NAME = "$(TARGET_NAME)";
				SWIFT_VERSION = 5.0;
				TARGETED_DEVICE_FAMILY = 1;
			};
			name = Debug;
		};
		1013A50924173F0C00D95B99 /* Release */ = {
			isa = XCBuildConfiguration;
			buildSettings = {
				ASSETCATALOG_COMPILER_APPICON_NAME = AppIcon;
				CODE_SIGN_STYLE = Automatic;
				CURRENT_PROJECT_VERSION = 3;
				DEVELOPMENT_ASSET_PATHS = "\"GlideRatio/Preview Content\"";
				DEVELOPMENT_TEAM = 99496FTLM8;
				ENABLE_PREVIEWS = YES;
				INFOPLIST_FILE = GlideRatio/Info.plist;
				LD_RUNPATH_SEARCH_PATHS = (
					"$(inherited)",
					"@executable_path/Frameworks",
				);
				PRODUCT_BUNDLE_IDENTIFIER = me.smuravev.GlideRatio;
				PRODUCT_NAME = "$(TARGET_NAME)";
				SWIFT_VERSION = 5.0;
				TARGETED_DEVICE_FAMILY = 1;
			};
			name = Release;
		};
/* End XCBuildConfiguration section */

/* Begin XCConfigurationList section */
		1013A4EE24173F0900D95B99 /* Build configuration list for PBXProject "GlideRatio" */ = {
			isa = XCConfigurationList;
			buildConfigurations = (
				1013A50524173F0C00D95B99 /* Debug */,
				1013A50624173F0C00D95B99 /* Release */,
			);
			defaultConfigurationIsVisible = 0;
			defaultConfigurationName = Release;
		};
		1013A50724173F0C00D95B99 /* Build configuration list for PBXNativeTarget "GlideRatio" */ = {
			isa = XCConfigurationList;
			buildConfigurations = (
				1013A50824173F0C00D95B99 /* Debug */,
				1013A50924173F0C00D95B99 /* Release */,
			);
			defaultConfigurationIsVisible = 0;
			defaultConfigurationName = Release;
		};
/* End XCConfigurationList section */
	};
	rootObject = 1013A4EB24173F0900D95B99 /* Project object */;
}
